
Microsoft Visual Studio Solution File, Format Version 12.00
# Visual Studio Version 17
VisualStudioVersion = 17.14.36603.0 d17.14
MinimumVisualStudioVersion = 10.0.40219.1
Project("{FAE04EC0-301F-11D3-BF4B-00C04F79EFBC}") = "CodeChallenge.PartLengthCalculation", "..\CodeChallenge.PartLengthCalculation.csproj", "{80D8ED82-512F-4CDC-A4DD-F4E66ACEFB71}"
EndProject
Global
	GlobalSection(SolutionConfigurationPlatforms) = preSolution
		Debug|Any CPU = Debug|Any CPU
		Release|Any CPU = Release|Any CPU
	EndGlobalSection
	GlobalSection(ProjectConfigurationPlatforms) = postSolution
		{80D8ED82-512F-4CDC-A4DD-F4E66ACEFB71}.Debug|Any CPU.ActiveCfg = Debug|Any CPU
		{80D8ED82-512F-4CDC-A4DD-F4E66ACEFB71}.Debug|Any CPU.Build.0 = Debug|Any CPU
		{80D8ED82-512F-4CDC-A4DD-F4E66ACEFB71}.Release|Any CPU.ActiveCfg = Release|Any CPU
		{80D8ED82-512F-4CDC-A4DD-F4E66ACEFB71}.Release|Any CPU.Build.0 = Release|Any CPU
	EndGlobalSection
	GlobalSection(SolutionProperties) = preSolution
		HideSolutionNode = FALSE
	EndGlobalSection
	GlobalSection(ExtensibilityGlobals) = postSolution
		SolutionGuid = {7D4CFB0B-AE03-422A-91AB-C6D5BA3D7BF9}
	EndGlobalSection
EndGlobal
